
Microsoft Visual Studio Solution File, Format Version 12.00
# Visual Studio 15
VisualStudioVersion = 15.0.27703.2047
MinimumVisualStudioVersion = 10.0.40219.1
Project("{8BC9CEB8-8B4A-11D0-8D11-00A0C91BC942}") = "Functions", "Functions\Functions.vcxproj", "{1D108D8F-E793-44FE-BEA7-4278390ADC32}"
EndProject
Global
	GlobalSection(SolutionConfigurationPlatforms) = preSolution
		Debug|x64 = Debug|x64
		Debug|x86 = Debug|x86
		Release|x64 = Release|x64
		Release|x86 = Release|x86
	EndGlobalSection
	GlobalSection(ProjectConfigurationPlatforms) = postSolution
		{1D108D8F-E793-44FE-BEA7-4278390ADC32}.Debug|x64.ActiveCfg = Debug|x64
		{1D108D8F-E793-44FE-BEA7-4278390ADC32}.Debug|x64.Build.0 = Debug|x64
		{1D108D8F-E793-44FE-BEA7-4278390ADC32}.Debug|x86.ActiveCfg = Debug|Win32
		{1D108D8F-E793-44FE-BEA7-4278390ADC32}.Debug|x86.Build.0 = Debug|Win32
		{1D108D8F-E793-44FE-BEA7-4278390ADC32}.Release|x64.ActiveCfg = Release|x64
		{1D108D8F-E793-44FE-BEA7-4278390ADC32}.Release|x64.Build.0 = Release|x64
		{1D108D8F-E793-44FE-BEA7-4278390ADC32}.Release|x86.ActiveCfg = Release|Win32
		{1D108D8F-E793-44FE-BEA7-4278390ADC32}.Release|x86.Build.0 = Release|Win32
	EndGlobalSection
	GlobalSection(SolutionProperties) = preSolution
		HideSolutionNode = FALSE
	EndGlobalSection
	GlobalSection(ExtensibilityGlobals) = postSolution
		SolutionGuid = {F1F5A631-B2F1-4FDA-A8B6-6F495C169755}
	EndGlobalSection
EndGlobal
